
Microsoft Visual Studio Solution File, Format Version 12.00
# Visual Studio Version 17
VisualStudioVersion = 17.3.32901.215
MinimumVisualStudioVersion = 10.0.40219.1
Project("{FAE04EC0-301F-11D3-BF4B-00C04F79EFBC}") = "Marcus-mvc", "Marcus-mvc\Marcus-mvc.csproj", "{7CA315AC-844C-4F7B-BBD5-3F9D02F85CA5}"
EndProject
Global
	GlobalSection(SolutionConfigurationPlatforms) = preSolution
		Debug|Any CPU = Debug|Any CPU
		Release|Any CPU = Release|Any CPU
	EndGlobalSection
	GlobalSection(ProjectConfigurationPlatforms) = postSolution
		{7CA315AC-844C-4F7B-BBD5-3F9D02F85CA5}.Debug|Any CPU.ActiveCfg = Debug|Any CPU
		{7CA315AC-844C-4F7B-BBD5-3F9D02F85CA5}.Debug|Any CPU.Build.0 = Debug|Any CPU
		{7CA315AC-844C-4F7B-BBD5-3F9D02F85CA5}.Release|Any CPU.ActiveCfg = Release|Any CPU
		{7CA315AC-844C-4F7B-BBD5-3F9D02F85CA5}.Release|Any CPU.Build.0 = Release|Any CPU
	EndGlobalSection
	GlobalSection(SolutionProperties) = preSolution
		HideSolutionNode = FALSE
	EndGlobalSection
	GlobalSection(ExtensibilityGlobals) = postSolution
		SolutionGuid = {276E8435-88DA-4C9A-A620-A3C288FF753E}
	EndGlobalSection
EndGlobal
